{
  "version": "5",
  "specifiers": {
    "npm:@types/mithril@^2.2.7": "2.2.7",
    "npm:mithril@^2.3.8": "2.3.8"
  },
  "npm": {
    "@types/mithril@2.2.7": {
      "integrity": "sha512-uetxoYizBMHPELl6DSZUfO6Q/aOm+h0NUCv9bVAX2iAxfrdBSOvU9KKFl+McTtxR13F+BReYLY814pJsZvnSxg=="
    },
    "mithril@2.3.8": {
      "integrity": "sha512-za/Yo7qXEckjm5syrSfaaI9Utf4tCUT3T1IOIYqH6Lrj7G0OZuYYLAY9SV4ygoaAf0+CNqU92MBt+7pmo53JVQ=="
    }
  },
  "workspace": {
    "dependencies": [
      "npm:@types/mithril@^2.2.7",
      "npm:mithril@^2.3.8"
    ]
  }
}
