{
  "version": "5",
  "specifiers": {
    "npm:@types/mithril@^2.2.7": "2.2.7",
    "npm:mithril@^2.3.2": "2.3.2"
  },
  "npm": {
    "@types/mithril@2.2.7": {
      "integrity": "sha512-uetxoYizBMHPELl6DSZUfO6Q/aOm+h0NUCv9bVAX2iAxfrdBSOvU9KKFl+McTtxR13F+BReYLY814pJsZvnSxg=="
    },
    "mithril@2.3.2": {
      "integrity": "sha512-5FbFCbAaYSP4+ipaLAX10qJ6jKx6c4QrTQUGabBB8doH8PRcXV/Yd1lI+azu3TBuY6W2Evw0DuJtJJALLv3gQA=="
    }
  },
  "workspace": {
    "dependencies": [
      "npm:@types/mithril@^2.2.7",
      "npm:mithril@^2.3.2"
    ]
  }
}
