lockfileVersion: '9.0'

settings:
  autoInstallPeers: true
  excludeLinksFromLockfile: false

importers:

  .:
    devDependencies:
      '@types/mithril':
        specifier: ^2.2.7
        version: 2.2.7
      mithril:
        specifier: ^2.2.4
        version: 2.2.4
      typescript:
        specifier: ^5.6.2
        version: 5.6.2

packages:

  '@types/mithril@2.2.7':
    resolution: {integrity: sha512-uetxoYizBMHPELl6DSZUfO6Q/aOm+h0NUCv9bVAX2iAxfrdBSOvU9KKFl+McTtxR13F+BReYLY814pJsZvnSxg==}

  mithril@2.2.4:
    resolution: {integrity: sha512-YiH3UILIw9irkxl4ulTFeBosHAZP1eo6g8W/P62hF9Awb8GBIGwGsNX7cJNujz+03axeIr/6TxX+0k96GrQvTA==}

  typescript@5.6.2:
    resolution: {integrity: sha512-NW8ByodCSNCwZeghjN3o+JX5OFH0Ojg6sadjEKY4huZ52TqbJTJnDo5+Tw98lSy63NZvi4n+ez5m2u5d4PkZyw==}
    engines: {node: '>=14.17'}
    hasBin: true

snapshots:

  '@types/mithril@2.2.7': {}

  mithril@2.2.4: {}

  typescript@5.6.2: {}
